// !$*UTF8*$!
{
	archiveVersion = 1;
	classes = {
	};
	objectVersion = 56;
	objects = {

/* Begin PBXBuildFile section */
		B64BAC6A2C84E4B400344CD9 /* LawSphere1App.swift in Sources */ = {isa = PBXBuildFile; fileRef = B64BAC692C84E4B400344CD9 /* LawSphere1App.swift */; };
		B64BAC6C2C84E4B400344CD9 /* ContentView.swift in Sources */ = {isa = PBXBuildFile; fileRef = B64BAC6B2C84E4B400344CD9 /* ContentView.swift */; };
		B64BAC6E2C84E4B700344CD9 /* Assets.xcassets in Resources */ = {isa = PBXBuildFile; fileRef = B64BAC6D2C84E4B700344CD9 /* Assets.xcassets */; };
		B64BAC712C84E4B700344CD9 /* Preview Assets.xcassets in Resources */ = {isa = PBXBuildFile; fileRef = B64BAC702C84E4B700344CD9 /* Preview Assets.xcassets */; };
		B64BAC782C84E4EA00344CD9 /* Question.swift in Sources */ = {isa = PBXBuildFile; fileRef = B64BAC772C84E4EA00344CD9 /* Question.swift */; };
		B64BAC7A2C84E4F800344CD9 /* APIKey.swift in Sources */ = {isa = PBXBuildFile; fileRef = B64BAC792C84E4F800344CD9 /* APIKey.swift */; };
		B64BAC7C2C84E50B00344CD9 /* FirstPage.swift in Sources */ = {isa = PBXBuildFile; fileRef = B64BAC7B2C84E50B00344CD9 /* FirstPage.swift */; };
		B64BAC7E2C84E51200344CD9 /* SecondPage.swift in Sources */ = {isa = PBXBuildFile; fileRef = B64BAC7D2C84E51200344CD9 /* SecondPage.swift */; };
		B64BAC802C84E51B00344CD9 /* Background.swift in Sources */ = {isa = PBXBuildFile; fileRef = B64BAC7F2C84E51B00344CD9 /* Background.swift */; };
		B64BAC822C84E52C00344CD9 /* StartPage.swift in Sources */ = {isa = PBXBuildFile; fileRef = B64BAC812C84E52C00344CD9 /* StartPage.swift */; };
		B64BAC842C84E54500344CD9 /* GenerativeAI_Info.plist in Resources */ = {isa = PBXBuildFile; fileRef = B64BAC832C84E54500344CD9 /* GenerativeAI_Info.plist */; };
		B64BAC872C84E64B00344CD9 /* GoogleGenerativeAI in Frameworks */ = {isa = PBXBuildFile; productRef = B64BAC862C84E64B00344CD9 /* GoogleGenerativeAI */; };
		B64BAC8A2C84E87800344CD9 /* ButtonSound.swift in Sources */ = {isa = PBXBuildFile; fileRef = B64BAC892C84E87800344CD9 /* ButtonSound.swift */; };
		B64BAC8C2C84E89B00344CD9 /* you_win.mp3 in Resources */ = {isa = PBXBuildFile; fileRef = B64BAC8B2C84E89B00344CD9 /* you_win.mp3 */; };
/* End PBXBuildFile section */

/* Begin PBXFileReference section */
		B64BAC662C84E4B400344CD9 /* LawSphere1.app */ = {isa = PBXFileReference; explicitFileType = wrapper.application; includeInIndex = 0; path = LawSphere1.app; sourceTree = BUILT_PRODUCTS_DIR; };
		B64BAC692C84E4B400344CD9 /* LawSphere1App.swift */ = {isa = PBXFileReference; lastKnownFileType = sourcecode.swift; path = LawSphere1App.swift; sourceTree = "<group>"; };
		B64BAC6B2C84E4B400344CD9 /* ContentView.swift */ = {isa = PBXFileReference; lastKnownFileType = sourcecode.swift; path = ContentView.swift; sourceTree = "<group>"; };
		B64BAC6D2C84E4B700344CD9 /* Assets.xcassets */ = {isa = PBXFileReference; lastKnownFileType = folder.assetcatalog; path = Assets.xcassets; sourceTree = "<group>"; };
		B64BAC702C84E4B700344CD9 /* Preview Assets.xcassets */ = {isa = PBXFileReference; lastKnownFileType = folder.assetcatalog; path = "Preview Assets.xcassets"; sourceTree = "<group>"; };
		B64BAC772C84E4EA00344CD9 /* Question.swift */ = {isa = PBXFileReference; lastKnownFileType = sourcecode.swift; path = Question.swift; sourceTree = "<group>"; };
		B64BAC792C84E4F800344CD9 /* APIKey.swift */ = {isa = PBXFileReference; lastKnownFileType = sourcecode.swift; path = APIKey.swift; sourceTree = "<group>"; };
		B64BAC7B2C84E50B00344CD9 /* FirstPage.swift */ = {isa = PBXFileReference; lastKnownFileType = sourcecode.swift; path = FirstPage.swift; sourceTree = "<group>"; };
		B64BAC7D2C84E51200344CD9 /* SecondPage.swift */ = {isa = PBXFileReference; lastKnownFileType = sourcecode.swift; path = SecondPage.swift; sourceTree = "<group>"; };
		B64BAC7F2C84E51B00344CD9 /* Background.swift */ = {isa = PBXFileReference; lastKnownFileType = sourcecode.swift; path = Background.swift; sourceTree = "<group>"; };
		B64BAC812C84E52C00344CD9 /* StartPage.swift */ = {isa = PBXFileReference; lastKnownFileType = sourcecode.swift; path = StartPage.swift; sourceTree = "<group>"; };
		B64BAC832C84E54500344CD9 /* GenerativeAI_Info.plist */ = {isa = PBXFileReference; lastKnownFileType = text.plist.xml; path = GenerativeAI_Info.plist; sourceTree = "<group>"; };
		B64BAC892C84E87800344CD9 /* ButtonSound.swift */ = {isa = PBXFileReference; lastKnownFileType = sourcecode.swift; path = ButtonSound.swift; sourceTree = "<group>"; };
		B64BAC8B2C84E89B00344CD9 /* you_win.mp3 */ = {isa = PBXFileReference; lastKnownFileType = audio.mp3; path = you_win.mp3; sourceTree = "<group>"; };
		B64BAC8D2C84E8D700344CD9 /* begin.ogg */ = {isa = PBXFileReference; lastKnownFileType = file; path = begin.ogg; sourceTree = "<group>"; };
/* End PBXFileReference section */

/* Begin PBXFrameworksBuildPhase section */
		B64BAC632C84E4B400344CD9 /* Frameworks */ = {
			isa = PBXFrameworksBuildPhase;
			buildActionMask = 2147483647;
			files = (
				B64BAC872C84E64B00344CD9 /* GoogleGenerativeAI in Frameworks */,
			);
			runOnlyForDeploymentPostprocessing = 0;
		};
/* End PBXFrameworksBuildPhase section */

/* Begin PBXGroup section */
		B64BAC5D2C84E4B400344CD9 = {
			isa = PBXGroup;
			children = (
				B64BAC882C84E82500344CD9 /* Sounds */,
				B64BAC682C84E4B400344CD9 /* LawSphere1 */,
				B64BAC672C84E4B400344CD9 /* Products */,
			);
			sourceTree = "<group>";
		};
		B64BAC672C84E4B400344CD9 /* Products */ = {
			isa = PBXGroup;
			children = (
				B64BAC662C84E4B400344CD9 /* LawSphere1.app */,
			);
			name = Products;
			sourceTree = "<group>";
		};
		B64BAC682C84E4B400344CD9 /* LawSphere1 */ = {
			isa = PBXGroup;
			children = (
				B64BAC692C84E4B400344CD9 /* LawSphere1App.swift */,
				B64BAC772C84E4EA00344CD9 /* Question.swift */,
				B64BAC792C84E4F800344CD9 /* APIKey.swift */,
				B64BAC7B2C84E50B00344CD9 /* FirstPage.swift */,
				B64BAC7D2C84E51200344CD9 /* SecondPage.swift */,
				B64BAC7F2C84E51B00344CD9 /* Background.swift */,
				B64BAC812C84E52C00344CD9 /* StartPage.swift */,
				B64BAC832C84E54500344CD9 /* GenerativeAI_Info.plist */,
				B64BAC6B2C84E4B400344CD9 /* ContentView.swift */,
				B64BAC6D2C84E4B700344CD9 /* Assets.xcassets */,
				B64BAC6F2C84E4B700344CD9 /* Preview Content */,
			);
			path = LawSphere1;
			sourceTree = "<group>";
		};
		B64BAC6F2C84E4B700344CD9 /* Preview Content */ = {
			isa = PBXGroup;
			children = (
				B64BAC702C84E4B700344CD9 /* Preview Assets.xcassets */,
			);
			path = "Preview Content";
			sourceTree = "<group>";
		};
		B64BAC882C84E82500344CD9 /* Sounds */ = {
			isa = PBXGroup;
			children = (
				B64BAC8D2C84E8D700344CD9 /* begin.ogg */,
				B64BAC8B2C84E89B00344CD9 /* you_win.mp3 */,
				B64BAC892C84E87800344CD9 /* ButtonSound.swift */,
			);
			path = Sounds;
			sourceTree = "<group>";
		};
/* End PBXGroup section */

/* Begin PBXNativeTarget section */
		B64BAC652C84E4B400344CD9 /* LawSphere1 */ = {
			isa = PBXNativeTarget;
			buildConfigurationList = B64BAC742C84E4B700344CD9 /* Build configuration list for PBXNativeTarget "LawSphere1" */;
			buildPhases = (
				B64BAC622C84E4B400344CD9 /* Sources */,
				B64BAC632C84E4B400344CD9 /* Frameworks */,
				B64BAC642C84E4B400344CD9 /* Resources */,
			);
			buildRules = (
			);
			dependencies = (
			);
			name = LawSphere1;
			packageProductDependencies = (
				B64BAC862C84E64B00344CD9 /* GoogleGenerativeAI */,
			);
			productName = LawSphere1;
			productReference = B64BAC662C84E4B400344CD9 /* LawSphere1.app */;
			productType = "com.apple.product-type.application";
		};
/* End PBXNativeTarget section */

/* Begin PBXProject section */
		B64BAC5E2C84E4B400344CD9 /* Project object */ = {
			isa = PBXProject;
			attributes = {
				BuildIndependentTargetsInParallel = 1;
				LastSwiftUpdateCheck = 1540;
				LastUpgradeCheck = 1540;
				TargetAttributes = {
					B64BAC652C84E4B400344CD9 = {
						CreatedOnToolsVersion = 15.4;
					};
				};
			};
			buildConfigurationList = B64BAC612C84E4B400344CD9 /* Build configuration list for PBXProject "LawSphere1" */;
			compatibilityVersion = "Xcode 14.0";
			developmentRegion = en;
			hasScannedForEncodings = 0;
			knownRegions = (
				en,
				Base,
			);
			mainGroup = B64BAC5D2C84E4B400344CD9;
			packageReferences = (
				B64BAC852C84E64B00344CD9 /* XCRemoteSwiftPackageReference "generative-ai-swift" */,
			);
			productRefGroup = B64BAC672C84E4B400344CD9 /* Products */;
			projectDirPath = "";
			projectRoot = "";
			targets = (
				B64BAC652C84E4B400344CD9 /* LawSphere1 */,
			);
		};
/* End PBXProject section */

/* Begin PBXResourcesBuildPhase section */
		B64BAC642C84E4B400344CD9 /* Resources */ = {
			isa = PBXResourcesBuildPhase;
			buildActionMask = 2147483647;
			files = (
				B64BAC842C84E54500344CD9 /* GenerativeAI_Info.plist in Resources */,
				B64BAC712C84E4B700344CD9 /* Preview Assets.xcassets in Resources */,
				B64BAC6E2C84E4B700344CD9 /* Assets.xcassets in Resources */,
				B64BAC8C2C84E89B00344CD9 /* you_win.mp3 in Resources */,
			);
			runOnlyForDeploymentPostprocessing = 0;
		};
/* End PBXResourcesBuildPhase section */

/* Begin PBXSourcesBuildPhase section */
		B64BAC622C84E4B400344CD9 /* Sources */ = {
			isa = PBXSourcesBuildPhase;
			buildActionMask = 2147483647;
			files = (
				B64BAC782C84E4EA00344CD9 /* Question.swift in Sources */,
				B64BAC802C84E51B00344CD9 /* Background.swift in Sources */,
				B64BAC7C2C84E50B00344CD9 /* FirstPage.swift in Sources */,
				B64BAC7E2C84E51200344CD9 /* SecondPage.swift in Sources */,
				B64BAC6C2C84E4B400344CD9 /* ContentView.swift in Sources */,
				B64BAC822C84E52C00344CD9 /* StartPage.swift in Sources */,
				B64BAC8A2C84E87800344CD9 /* ButtonSound.swift in Sources */,
				B64BAC7A2C84E4F800344CD9 /* APIKey.swift in Sources */,
				B64BAC6A2C84E4B400344CD9 /* LawSphere1App.swift in Sources */,
			);
			runOnlyForDeploymentPostprocessing = 0;
		};
/* End PBXSourcesBuildPhase section */

/* Begin XCBuildConfiguration section */
		B64BAC722C84E4B700344CD9 /* Debug */ = {
			isa = XCBuildConfiguration;
			buildSettings = {
				ALWAYS_SEARCH_USER_PATHS = NO;
				ASSETCATALOG_COMPILER_GENERATE_SWIFT_ASSET_SYMBOL_EXTENSIONS = YES;
				CLANG_ANALYZER_NONNULL = YES;
				CLANG_ANALYZER_NUMBER_OBJECT_CONVERSION = YES_AGGRESSIVE;
				CLANG_CXX_LANGUAGE_STANDARD = "gnu++20";
				CLANG_ENABLE_MODULES = YES;
				CLANG_ENABLE_OBJC_ARC = YES;
				CLANG_ENABLE_OBJC_WEAK = YES;
				CLANG_WARN_BLOCK_CAPTURE_AUTORELEASING = YES;
				CLANG_WARN_BOOL_CONVERSION = YES;
				CLANG_WARN_COMMA = YES;
				CLANG_WARN_CONSTANT_CONVERSION = YES;
				CLANG_WARN_DEPRECATED_OBJC_IMPLEMENTATIONS = YES;
				CLANG_WARN_DIRECT_OBJC_ISA_USAGE = YES_ERROR;
				CLANG_WARN_DOCUMENTATION_COMMENTS = YES;
				CLANG_WARN_EMPTY_BODY = YES;
				CLANG_WARN_ENUM_CONVERSION = YES;
				CLANG_WARN_INFINITE_RECURSION = YES;
				CLANG_WARN_INT_CONVERSION = YES;
				CLANG_WARN_NON_LITERAL_NULL_CONVERSION = YES;
				CLANG_WARN_OBJC_IMPLICIT_RETAIN_SELF = YES;
				CLANG_WARN_OBJC_LITERAL_CONVERSION = YES;
				CLANG_WARN_OBJC_ROOT_CLASS = YES_ERROR;
				CLANG_WARN_QUOTED_INCLUDE_IN_FRAMEWORK_HEADER = YES;
				CLANG_WARN_RANGE_LOOP_ANALYSIS = YES;
				CLANG_WARN_STRICT_PROTOTYPES = YES;
				CLANG_WARN_SUSPICIOUS_MOVE = YES;
				CLANG_WARN_UNGUARDED_AVAILABILITY = YES_AGGRESSIVE;
				CLANG_WARN_UNREACHABLE_CODE = YES;
				CLANG_WARN__DUPLICATE_METHOD_MATCH = YES;
				COPY_PHASE_STRIP = NO;
				DEBUG_INFORMATION_FORMAT = dwarf;
				ENABLE_STRICT_OBJC_MSGSEND = YES;
				ENABLE_TESTABILITY = YES;
				ENABLE_USER_SCRIPT_SANDBOXING = YES;
				GCC_C_LANGUAGE_STANDARD = gnu17;
				GCC_DYNAMIC_NO_PIC = NO;
				GCC_NO_COMMON_BLOCKS = YES;
				GCC_OPTIMIZATION_LEVEL = 0;
				GCC_PREPROCESSOR_DEFINITIONS = (
					"DEBUG=1",
					"$(inherited)",
				);
				GCC_WARN_64_TO_32_BIT_CONVERSION = YES;
				GCC_WARN_ABOUT_RETURN_TYPE = YES_ERROR;
				GCC_WARN_UNDECLARED_SELECTOR = YES;
				GCC_WARN_UNINITIALIZED_AUTOS = YES_AGGRESSIVE;
				GCC_WARN_UNUSED_FUNCTION = YES;
				GCC_WARN_UNUSED_VARIABLE = YES;
				IPHONEOS_DEPLOYMENT_TARGET = 17.5;
				LOCALIZATION_PREFERS_STRING_CATALOGS = YES;
				MTL_ENABLE_DEBUG_INFO = INCLUDE_SOURCE;
				MTL_FAST_MATH = YES;
				ONLY_ACTIVE_ARCH = YES;
				SDKROOT = iphoneos;
				SWIFT_ACTIVE_COMPILATION_CONDITIONS = "DEBUG $(inherited)";
				SWIFT_OPTIMIZATION_LEVEL = "-Onone";
			};
			name = Debug;
		};
		B64BAC732C84E4B700344CD9 /* Release */ = {
			isa = XCBuildConfiguration;
			buildSettings = {
				ALWAYS_SEARCH_USER_PATHS = NO;
				ASSETCATALOG_COMPILER_GENERATE_SWIFT_ASSET_SYMBOL_EXTENSIONS = YES;
				CLANG_ANALYZER_NONNULL = YES;
				CLANG_ANALYZER_NUMBER_OBJECT_CONVERSION = YES_AGGRESSIVE;
				CLANG_CXX_LANGUAGE_STANDARD = "gnu++20";
				CLANG_ENABLE_MODULES = YES;
				CLANG_ENABLE_OBJC_ARC = YES;
				CLANG_ENABLE_OBJC_WEAK = YES;
				CLANG_WARN_BLOCK_CAPTURE_AUTORELEASING = YES;
				CLANG_WARN_BOOL_CONVERSION = YES;
				CLANG_WARN_COMMA = YES;
				CLANG_WARN_CONSTANT_CONVERSION = YES;
				CLANG_WARN_DEPRECATED_OBJC_IMPLEMENTATIONS = YES;
				CLANG_WARN_DIRECT_OBJC_ISA_USAGE = YES_ERROR;
				CLANG_WARN_DOCUMENTATION_COMMENTS = YES;
				CLANG_WARN_EMPTY_BODY = YES;
				CLANG_WARN_ENUM_CONVERSION = YES;
				CLANG_WARN_INFINITE_RECURSION = YES;
				CLANG_WARN_INT_CONVERSION = YES;
				CLANG_WARN_NON_LITERAL_NULL_CONVERSION = YES;
				CLANG_WARN_OBJC_IMPLICIT_RETAIN_SELF = YES;
				CLANG_WARN_OBJC_LITERAL_CONVERSION = YES;
				CLANG_WARN_OBJC_ROOT_CLASS = YES_ERROR;
				CLANG_WARN_QUOTED_INCLUDE_IN_FRAMEWORK_HEADER = YES;
				CLANG_WARN_RANGE_LOOP_ANALYSIS = YES;
				CLANG_WARN_STRICT_PROTOTYPES = YES;
				CLANG_WARN_SUSPICIOUS_MOVE = YES;
				CLANG_WARN_UNGUARDED_AVAILABILITY = YES_AGGRESSIVE;
				CLANG_WARN_UNREACHABLE_CODE = YES;
				CLANG_WARN__DUPLICATE_METHOD_MATCH = YES;
				COPY_PHASE_STRIP = NO;
				DEBUG_INFORMATION_FORMAT = "dwarf-with-dsym";
				ENABLE_NS_ASSERTIONS = NO;
				ENABLE_STRICT_OBJC_MSGSEND = YES;
				ENABLE_USER_SCRIPT_SANDBOXING = YES;
				GCC_C_LANGUAGE_STANDARD = gnu17;
				GCC_NO_COMMON_BLOCKS = YES;
				GCC_WARN_64_TO_32_BIT_CONVERSION = YES;
				GCC_WARN_ABOUT_RETURN_TYPE = YES_ERROR;
				GCC_WARN_UNDECLARED_SELECTOR = YES;
				GCC_WARN_UNINITIALIZED_AUTOS = YES_AGGRESSIVE;
				GCC_WARN_UNUSED_FUNCTION = YES;
				GCC_WARN_UNUSED_VARIABLE = YES;
				IPHONEOS_DEPLOYMENT_TARGET = 17.5;
				LOCALIZATION_PREFERS_STRING_CATALOGS = YES;
				MTL_ENABLE_DEBUG_INFO = NO;
				MTL_FAST_MATH = YES;
				SDKROOT = iphoneos;
				SWIFT_COMPILATION_MODE = wholemodule;
				VALIDATE_PRODUCT = YES;
			};
			name = Release;
		};
		B64BAC752C84E4B700344CD9 /* Debug */ = {
			isa = XCBuildConfiguration;
			buildSettings = {
				ASSETCATALOG_COMPILER_APPICON_NAME = AppIcon;
				ASSETCATALOG_COMPILER_GLOBAL_ACCENT_COLOR_NAME = AccentColor;
				CODE_SIGN_STYLE = Automatic;
				CURRENT_PROJECT_VERSION = 1;
				DEVELOPMENT_ASSET_PATHS = "\"LawSphere1/Preview Content\"";
				DEVELOPMENT_TEAM = 9675LQ3TRQ;
				ENABLE_PREVIEWS = YES;
				GENERATE_INFOPLIST_FILE = YES;
				INFOPLIST_KEY_UIApplicationSceneManifest_Generation = YES;
				INFOPLIST_KEY_UIApplicationSupportsIndirectInputEvents = YES;
				INFOPLIST_KEY_UILaunchScreen_Generation = YES;
				INFOPLIST_KEY_UISupportedInterfaceOrientations_iPad = "UIInterfaceOrientationPortrait UIInterfaceOrientationPortraitUpsideDown UIInterfaceOrientationLandscapeLeft UIInterfaceOrientationLandscapeRight";
				INFOPLIST_KEY_UISupportedInterfaceOrientations_iPhone = "UIInterfaceOrientationPortrait UIInterfaceOrientationLandscapeLeft UIInterfaceOrientationLandscapeRight";
				LD_RUNPATH_SEARCH_PATHS = (
					"$(inherited)",
					"@executable_path/Frameworks",
				);
				MARKETING_VERSION = 1.0;
				PRODUCT_BUNDLE_IDENTIFIER = me.panwararyan.LawSphere1;
				PRODUCT_NAME = "$(TARGET_NAME)";
				SWIFT_EMIT_LOC_STRINGS = YES;
				SWIFT_VERSION = 5.0;
				TARGETED_DEVICE_FAMILY = "1,2";
			};
			name = Debug;
		};
		B64BAC762C84E4B700344CD9 /* Release */ = {
			isa = XCBuildConfiguration;
			buildSettings = {
				ASSETCATALOG_COMPILER_APPICON_NAME = AppIcon;
				ASSETCATALOG_COMPILER_GLOBAL_ACCENT_COLOR_NAME = AccentColor;
				CODE_SIGN_STYLE = Automatic;
				CURRENT_PROJECT_VERSION = 1;
				DEVELOPMENT_ASSET_PATHS = "\"LawSphere1/Preview Content\"";
				DEVELOPMENT_TEAM = 9675LQ3TRQ;
				ENABLE_PREVIEWS = YES;
				GENERATE_INFOPLIST_FILE = YES;
				INFOPLIST_KEY_UIApplicationSceneManifest_Generation = YES;
				INFOPLIST_KEY_UIApplicationSupportsIndirectInputEvents = YES;
				INFOPLIST_KEY_UILaunchScreen_Generation = YES;
				INFOPLIST_KEY_UISupportedInterfaceOrientations_iPad = "UIInterfaceOrientationPortrait UIInterfaceOrientationPortraitUpsideDown UIInterfaceOrientationLandscapeLeft UIInterfaceOrientationLandscapeRight";
				INFOPLIST_KEY_UISupportedInterfaceOrientations_iPhone = "UIInterfaceOrientationPortrait UIInterfaceOrientationLandscapeLeft UIInterfaceOrientationLandscapeRight";
				LD_RUNPATH_SEARCH_PATHS = (
					"$(inherited)",
					"@executable_path/Frameworks",
				);
				MARKETING_VERSION = 1.0;
				PRODUCT_BUNDLE_IDENTIFIER = me.panwararyan.LawSphere1;
				PRODUCT_NAME = "$(TARGET_NAME)";
				SWIFT_EMIT_LOC_STRINGS = YES;
				SWIFT_VERSION = 5.0;
				TARGETED_DEVICE_FAMILY = "1,2";
			};
			name = Release;
		};
/* End XCBuildConfiguration section */

/* Begin XCConfigurationList section */
		B64BAC612C84E4B400344CD9 /* Build configuration list for PBXProject "LawSphere1" */ = {
			isa = XCConfigurationList;
			buildConfigurations = (
				B64BAC722C84E4B700344CD9 /* Debug */,
				B64BAC732C84E4B700344CD9 /* Release */,
			);
			defaultConfigurationIsVisible = 0;
			defaultConfigurationName = Release;
		};
		B64BAC742C84E4B700344CD9 /* Build configuration list for PBXNativeTarget "LawSphere1" */ = {
			isa = XCConfigurationList;
			buildConfigurations = (
				B64BAC752C84E4B700344CD9 /* Debug */,
				B64BAC762C84E4B700344CD9 /* Release */,
			);
			defaultConfigurationIsVisible = 0;
			defaultConfigurationName = Release;
		};
/* End XCConfigurationList section */

/* Begin XCRemoteSwiftPackageReference section */
		B64BAC852C84E64B00344CD9 /* XCRemoteSwiftPackageReference "generative-ai-swift" */ = {
			isa = XCRemoteSwiftPackageReference;
			repositoryURL = "https://github.com/google-gemini/generative-ai-swift";
			requirement = {
				kind = upToNextMajorVersion;
				minimumVersion = 0.5.6;
			};
		};
/* End XCRemoteSwiftPackageReference section */

/* Begin XCSwiftPackageProductDependency section */
		B64BAC862C84E64B00344CD9 /* GoogleGenerativeAI */ = {
			isa = XCSwiftPackageProductDependency;
			package = B64BAC852C84E64B00344CD9 /* XCRemoteSwiftPackageReference "generative-ai-swift" */;
			productName = GoogleGenerativeAI;
		};
/* End XCSwiftPackageProductDependency section */
	};
	rootObject = B64BAC5E2C84E4B400344CD9 /* Project object */;
}
